PODS:
  - Kingfisher (3.6.2)
  - ShelfView (1.0):
    - Kingfisher (~> 3.0)

DEPENDENCIES:
  - ShelfView (from `../`)

SPEC REPOS:
  https://github.com/CocoaPods/Specs.git:
    - Kingfisher

EXTERNAL SOURCES:
  ShelfView:
    :path: "../"

SPEC CHECKSUMS:
  Kingfisher: 2c94e72c6830622c71d06adf4ea024c37d316830
  ShelfView: b6c6930a86c47cccc212371e8b9ba98b68511b45

PODFILE CHECKSUM: ad12021367c41c81b269af9c271c64edc2fa1c47

COCOAPODS: 1.5.0
